PODS:
  - IPaDesignableUI (1.0)
  - IPaPlaceholderTextView (1.0):
    - IPaDesignableUI

DEPENDENCIES:
  - IPaPlaceholderTextView (from `../`)

EXTERNAL SOURCES:
  IPaPlaceholderTextView:
    :path: "../"

SPEC CHECKSUMS:
  IPaDesignableUI: 873799941c0c632e7ce6bf36f526cb192f060756
  IPaPlaceholderTextView: 9d102fc88f4712408a4ebcd62f874214a442e48a

PODFILE CHECKSUM: 74b87f5ecb919b3ddef9269df4e158b78b5a363c

COCOAPODS: 1.2.1
